#MicroXplorer Configuration settings - do not modify
Mcu.Family=STM32F1
TIM4.Channel-PWM\ Generation1\ CH1=TIM_CHANNEL_1
ProjectManager.MainLocation=Core/Src
SH.S_TIM4_CH1.ConfNb=1
NVIC.EXTI4_IRQn=true\:1\:0\:true\:false\:true\:true\:true
SH.S_TIM4_CH2.ConfNb=1
ProjectManager.ProjectFileName=Semafor2.ioc
PB8.GPIOParameters=GPIO_Label
ProjectManager.KeepUserCode=true
Mcu.UserName=STM32F103C8Tx
Mcu.PinsNb=14
ProjectManager.NoMain=false
TIM2.IC1Filter=15
RCC.PLLCLKFreq_Value=8000000
PA9.GPIO_Label=CZER_DIO
PA12.GPIOParameters=GPIO_Label
ProjectManager.functionlistsort=1-MX_GPIO_Init-GPIO-false-HAL-true,2-SystemClock_Config-RCC-false-HAL-false,3-MX_TIM4_Init-TIM4-false-HAL-true,4-MX_TIM2_Init-TIM2-false-HAL-true
PA9.GPIOParameters=GPIO_Label
PA11.GPIOParameters=GPIO_Label
PA11.GPIO_Label=NIEB_DIO
ProjectManager.DefaultFWLocation=true
PB6.GPIO_Label=LED_CZER
TIM2.EncoderMode=TIM_ENCODERMODE_TI12
ProjectManager.DeletePrevious=true
SH.S_TIM2_CH1_ETR.ConfNb=1
PinOutPanel.RotationAngle=0
PA12.GPIO_Label=NIEB_CLK
RCC.FamilyName=M
ProjectManager.StackSize=0x400
PA0-WKUP.Signal=S_TIM2_CH1_ETR
PA13.Signal=SYS_JTMS-SWDIO
Mcu.IP4=TIM4
NVIC.SVCall_IRQn=true\:0\:0\:false\:false\:true\:false\:false
Mcu.IP2=SYS
PB8.GPIO_Label=LED_NIEB
Mcu.IP3=TIM2
SH.S_TIM2_CH2.0=TIM2_CH2,Encoder_Interface
Mcu.IP0=NVIC
PA11.Locked=true
PA12.Locked=true
Mcu.IP1=RCC
PA12.Signal=GPIO_Output
PA8.GPIO_Label=BUZZER
Mcu.UserConstants=
ProjectManager.TargetToolchain=STM32CubeIDE
TIM4.IPParameters=Channel-PWM Generation2 CH2,Channel-PWM Generation1 CH1,Channel-PWM Generation3 CH3,Prescaler,Period
Mcu.ThirdPartyNb=0
SH.S_TIM4_CH3.0=TIM4_CH3,PWM Generation3 CH3
PB7.GPIOParameters=GPIO_Label
Mcu.IPNb=5
TIM2.IPParameters=Period,EncoderMode,IC1Filter,IC2Polarity
ProjectManager.PreviousToolchain=STM32CubeIDE
PA9.Signal=GPIO_Output
PB6.Signal=S_TIM4_CH1
SH.S_TIM2_CH2.ConfNb=1
PA4.GPIO_ModeDefaultEXTI=GPIO_MODE_IT_FALLING
PA8.GPIOParameters=GPIO_Label
Mcu.Pin6=PA11
Mcu.Pin7=PA12
ProjectManager.RegisterCallBack=
Mcu.Pin8=PA13
Mcu.Pin9=PA14
TIM4.Prescaler=7
PA1.GPIO_PuPd=GPIO_PULLUP
PA1.Signal=S_TIM2_CH2
Mcu.Pin0=PA0-WKUP
Mcu.Pin1=PA1
GPIO.groupedBy=Group By Peripherals
Mcu.Pin2=PA4
Mcu.Pin3=PA8
PA0-WKUP.GPIOParameters=GPIO_PuPd
Mcu.Pin4=PA9
SH.S_TIM4_CH3.ConfNb=1
Mcu.Pin5=PA10
ProjectManager.ProjectBuild=false
TIM4.Channel-PWM\ Generation3\ CH3=TIM_CHANNEL_3
NVIC.UsageFault_IRQn=true\:0\:0\:false\:false\:true\:false\:false
NVIC.DebugMonitor_IRQn=true\:0\:0\:false\:false\:true\:false\:false
PA4.GPIO_PuPd=GPIO_PULLUP
PA8.Locked=true
board=custom
PA4.Locked=true
NVIC.SysTick_IRQn=true\:0\:0\:false\:false\:true\:false\:true
ProjectManager.LastFirmware=true
ProjectManager.FirmwarePackage=STM32Cube FW_F1 V1.8.3
TIM2.IC2Polarity=TIM_ICPOLARITY_FALLING
MxDb.Version=DB.6.0.20
TIM4.Channel-PWM\ Generation2\ CH2=TIM_CHANNEL_2
RCC.APB2Freq_Value=8000000
PA1.GPIOParameters=GPIO_PuPd
ProjectManager.BackupPrevious=false
MxCube.Version=6.2.0
PA14.Mode=Serial_Wire
File.Version=6
PA10.GPIO_Label=CZER_CLK
PA10.GPIOParameters=GPIO_Label
VP_SYS_VS_Systick.Mode=SysTick
SH.S_TIM4_CH2.0=TIM4_CH2,PWM Generation2 CH2
PA9.Locked=true
PB7.Signal=S_TIM4_CH2
PA8.Signal=GPIO_Output
NVIC.NonMaskableInt_IRQn=true\:0\:0\:false\:false\:true\:false\:false
PA4.GPIOParameters=GPIO_PuPd,GPIO_Label,GPIO_ModeDefaultEXTI
NVIC.PendSV_IRQn=true\:0\:0\:false\:false\:true\:false\:false
TIM2.Period=65535
TIM4.Period=999
PA13.Mode=Serial_Wire
ProjectManager.FreePins=false
RCC.IPParameters=APB1Freq_Value,APB2Freq_Value,FamilyName,PLLCLKFreq_Value,PLLMCOFreq_Value,TimSysFreq_Value
ProjectManager.AskForMigrate=true
Mcu.Name=STM32F103C(8-B)Tx
PB6.GPIOParameters=GPIO_Label
ProjectManager.HalAssertFull=false
ProjectManager.ProjectName=Semafor2
ProjectManager.UnderRoot=true
RCC.PLLMCOFreq_Value=4000000
ProjectManager.CoupleFile=true
PB7.GPIO_Label=LED_ZIEL
PA4.Signal=GPXTI4
Mcu.Package=LQFP48
RCC.TimSysFreq_Value=8000000
SH.GPXTI4.0=GPIO_EXTI4
PA10.Locked=true
NVIC.ForceEnableDMAVector=true
KeepUserPlacement=false
NVIC.MemoryManagement_IRQn=true\:0\:0\:false\:false\:true\:false\:false
ProjectManager.CompilerOptimize=6
ProjectManager.ToolChainLocation=
VP_SYS_VS_Systick.Signal=SYS_VS_Systick
PA11.Signal=GPIO_Output
SH.S_TIM2_CH1_ETR.0=TIM2_CH1,Encoder_Interface
PA10.Signal=GPIO_Output
PA14.Signal=SYS_JTCK-SWCLK
ProjectManager.HeapSize=0x200
NVIC.HardFault_IRQn=true\:0\:0\:false\:false\:true\:false\:false
SH.GPXTI4.ConfNb=1
Mcu.Pin13=VP_SYS_VS_Systick
ProjectManager.ComputerToolchain=false
NVIC.PriorityGroup=NVIC_PRIORITYGROUP_4
Mcu.Pin11=PB7
Mcu.Pin12=PB8
Mcu.Pin10=PB6
SH.S_TIM4_CH1.0=TIM4_CH1,PWM Generation1 CH1
PB8.Signal=S_TIM4_CH3
PA0-WKUP.GPIO_PuPd=GPIO_PULLUP
NVIC.BusFault_IRQn=true\:0\:0\:false\:false\:true\:false\:false
RCC.APB1Freq_Value=8000000
PA4.GPIO_Label=Przycisk
ProjectManager.CustomerFirmwarePackage=
ProjectManager.DeviceId=STM32F103C8Tx
ProjectManager.LibraryCopy=1
isbadioc=false
